
Microsoft Visual Studio Solution File, Format Version 12.00
# Visual Studio Version 17
VisualStudioVersion = 17.7.34221.43
MinimumVisualStudioVersion = 10.0.40219.1
Project("{FAE04EC0-301F-11D3-BF4B-00C04F79EFBC}") = "ConsEmployeeDetails", "ConsEmployeeDetails\ConsEmployeeDetails.csproj", "{63064200-ECC9-4059-8016-E36E16E0BD57}"
EndProject
Global
	GlobalSection(SolutionConfigurationPlatforms) = preSolution
		Debug|Any CPU = Debug|Any CPU
		Release|Any CPU = Release|Any CPU
	EndGlobalSection
	GlobalSection(ProjectConfigurationPlatforms) = postSolution
		{63064200-ECC9-4059-8016-E36E16E0BD57}.Debug|Any CPU.ActiveCfg = Debug|Any CPU
		{63064200-ECC9-4059-8016-E36E16E0BD57}.Debug|Any CPU.Build.0 = Debug|Any CPU
		{63064200-ECC9-4059-8016-E36E16E0BD57}.Release|Any CPU.ActiveCfg = Release|Any CPU
		{63064200-ECC9-4059-8016-E36E16E0BD57}.Release|Any CPU.Build.0 = Release|Any CPU
	EndGlobalSection
	GlobalSection(SolutionProperties) = preSolution
		HideSolutionNode = FALSE
	EndGlobalSection
	GlobalSection(ExtensibilityGlobals) = postSolution
		SolutionGuid = {3CD4EA83-60EF-4934-9800-184BFE98827C}
	EndGlobalSection
EndGlobal
